{
  "name": "lx",
  "version": "1.0.0",
  "lockfileVersion": 1,
  "requires": true,
  "dependencies": {
    "axios": {
      "version": "0.21.2",
      "resolved": "https://registry.npmjs.org/axios/-/axios-0.21.2.tgz",
      "integrity": "sha512-87otirqUw3e8CzHTMO+/9kh/FSgXt/eVDvipijwDtEuwbkySWZ9SBm6VEubmJ/kLKEoLQV/POhxXFb66bfekfg==",
      "requires": {
        "follow-redirects": "^1.14.0"
      }
    },
    "calendar": {
      "version": "github:pithyone/calendar.js#a4277590864546525b0abaf36d3e9df1932bf405",
      "from": "github:pithyone/calendar.js#a4277590864546525b0abaf36d3e9df1932bf405"
    },
    "follow-redirects": {
      "version": "1.15.2",
      "resolved": "https://registry.npmjs.org/follow-redirects/-/follow-redirects-1.15.2.tgz",
      "integrity": "sha512-VQLG33o04KaQ8uYi2tVNbdrWp1QWxNNea+nmIB4EVM28v0hmP17z7aG1+wAkNzVq4KeXTq3221ye5qTJP91JwA=="
    },
    "miniprogram-datepicker": {
      "version": "0.3.0",
      "resolved": "https://registry.npmjs.org/miniprogram-datepicker/-/miniprogram-datepicker-0.3.0.tgz",
      "integrity": "sha512-G2JgKIDn/W2E43yx9u0v3tNteK54FZTvqhLFmU75+i8X119p0aOhgd0meTyqZrJ3r20JBR6ZVoyIIuWD0wJjXw==",
      "requires": {
        "calendar": "github:pithyone/calendar.js#a4277590864546525b0abaf36d3e9df1932bf405"
      }
    }
  }
}
